{
  "name": "dan-package",
  "version": "1.0.1",
  "lockfileVersion": 2,
  "requires": true,
  "packages": {
    "": {
      "name": "dan-package",
      "version": "1.0.0",
      "license": "ISC",
      "dependencies": {
        "dan-package": "^1.0.0"
      }
    },
    "node_modules/dan-package": {
      "version": "1.0.0",
      "resolved": "https://registry.npmjs.org/dan-package/-/dan-package-1.0.0.tgz",
      "integrity": "sha512-teTrxT4qJaBHYIB5qZ1CNT94FKOshZFcGPfHyokr0ioz7izkgwrpJfouRw6AAtZmTyiSh87W8sNEccZAz9dQew=="
    }
  },
  "dependencies": {
    "dan-package": {
      "version": "1.0.0",
      "resolved": "https://registry.npmjs.org/dan-package/-/dan-package-1.0.0.tgz",
      "integrity": "sha512-teTrxT4qJaBHYIB5qZ1CNT94FKOshZFcGPfHyokr0ioz7izkgwrpJfouRw6AAtZmTyiSh87W8sNEccZAz9dQew=="
    }
  }
}
