# THIS IS AN AUTOGENERATED FILE. DO NOT EDIT THIS FILE DIRECTLY.
# yarn lockfile v1


dan-package@^1.0.0:
  version "1.0.7"
  resolved "https://registry.yarnpkg.com/dan-package/-/dan-package-1.0.7.tgz#cc9b05f2bed3df531c3e8f1d936431c9f6f7f86d"
  integrity sha512-3w59Z9WcYEErB0+Jgj+D1pBQ0wnUKrLiwTwd+n68Jp29XQCBAiFe3OKl125zvDISfyvCSGO6P1pB9pvfGhni/w==
  dependencies:
    dan-package "^1.0.0"
